{
	"name": "@zhangli-cli-dev/utils",
	"version": "1.0.9",
	"lockfileVersion": 2,
	"requires": true,
	"packages": {
		"": {
			"name": "@zhangli-cli-dev/utils",
			"version": "1.0.8",
			"license": "ISC",
			"dependencies": {
				"undefined": "/Users/zhangli/learning_code/zhangli-cli-dev"
			}
		},
		"../..": {
			"version": "1.0.2",
			"license": "ISC",
			"devDependencies": {
				"lerna": "^4.0.0"
			}
		},
		"node_modules/undefined": {
			"resolved": "../..",
			"link": true
		}
	},
	"dependencies": {
		"undefined": {
			"version": "file:../..",
			"requires": {
				"lerna": "^4.0.0"
			}
		}
	}
}
