{
  "name": "@zhangli-cli-dev/init",
  "version": "1.0.0",
  "lockfileVersion": 2,
  "requires": true,
  "packages": {
    "": {
      "name": "@zhangli-cli-dev/init",
      "version": "1.0.0",
      "license": "ISC",
      "dependencies": {
        "@zhangli-cli-dev/command": "file:../../models/command",
        "@zhangli-cli-dev/log": "file:../../utils/log"
      }
    },
    "../../models/command": {
      "name": "@zhangli-cli-dev/command",
      "version": "1.0.0",
      "license": "ISC",
      "dependencies": {
        "@zhangli-cli-dev/log": "file:../../utils/log",
        "@zhangli-cli-dev/utils": "file:../../utils/utils",
        "colors": "^1.4.0",
        "semver": "^7.3.5"
      }
    },
    "../../utils/log": {
      "version": "1.0.5",
      "license": "ISC",
      "dependencies": {
        "npmlog": "^4.1.2"
      }
    },
    "node_modules/@zhangli-cli-dev/command": {
      "resolved": "../../models/command",
      "link": true
    },
    "node_modules/@zhangli-cli-dev/log": {
      "resolved": "../../utils/log",
      "link": true
    }
  },
  "dependencies": {
    "@zhangli-cli-dev/command": {
      "version": "file:../../models/command",
      "requires": {
        "@zhangli-cli-dev/log": "file:../../utils/log",
        "@zhangli-cli-dev/utils": "file:../../utils/utils",
        "colors": "^1.4.0",
        "semver": "^7.3.5"
      }
    },
    "@zhangli-cli-dev/log": {
      "version": "file:../../utils/log",
      "requires": {
        "npmlog": "^4.1.2"
      }
    }
  }
}
