{
	"name": "@zhangli-cli-dev/request",
	"version": "1.0.8",
	"lockfileVersion": 2,
	"requires": true,
	"packages": {
		"": {
			"name": "@zhangli-cli-dev/request",
			"version": "1.0.8",
			"license": "ISC",
			"dependencies": {
				"axios": "^0.24.0",
				"undefined": "/Users/zhangli/learning_code/zhangli-cli-dev"
			}
		},
		"../..": {
			"name": "zhangli-cli-dev",
			"version": "1.0.2",
			"license": "ISC",
			"devDependencies": {
				"lerna": "^4.0.0"
			}
		},
		"node_modules/axios": {
			"version": "0.24.0",
			"resolved": "https://registry.npmjs.org/axios/-/axios-0.24.0.tgz",
			"integrity": "sha512-Q6cWsys88HoPgAaFAVUb0WpPk0O8iTeisR9IMqy9G8AbO4NlpVknrnQS03zzF9PGAWgO3cgletO3VjV/P7VztA==",
			"dependencies": {
				"follow-redirects": "^1.14.4"
			}
		},
		"node_modules/follow-redirects": {
			"version": "1.14.5",
			"resolved": "https://registry.npmjs.org/follow-redirects/-/follow-redirects-1.14.5.tgz",
			"integrity": "sha512-wtphSXy7d4/OR+MvIFbCVBDzZ5520qV8XfPklSN5QtxuMUJZ+b0Wnst1e1lCDocfzuCkHqj8k0FpZqO+UIaKNA==",
			"funding": [
				{
					"type": "individual",
					"url": "https://github.com/sponsors/RubenVerborgh"
				}
			],
			"engines": {
				"node": ">=4.0"
			},
			"peerDependenciesMeta": {
				"debug": {
					"optional": true
				}
			}
		},
		"node_modules/undefined": {
			"resolved": "../..",
			"link": true
		}
	},
	"dependencies": {
		"axios": {
			"version": "0.24.0",
			"resolved": "https://registry.npmjs.org/axios/-/axios-0.24.0.tgz",
			"integrity": "sha512-Q6cWsys88HoPgAaFAVUb0WpPk0O8iTeisR9IMqy9G8AbO4NlpVknrnQS03zzF9PGAWgO3cgletO3VjV/P7VztA==",
			"requires": {
				"follow-redirects": "^1.14.4"
			}
		},
		"follow-redirects": {
			"version": "1.14.5",
			"resolved": "https://registry.npmjs.org/follow-redirects/-/follow-redirects-1.14.5.tgz",
			"integrity": "sha512-wtphSXy7d4/OR+MvIFbCVBDzZ5520qV8XfPklSN5QtxuMUJZ+b0Wnst1e1lCDocfzuCkHqj8k0FpZqO+UIaKNA=="
		},
		"undefined": {
			"version": "file:../..",
			"requires": {
				"lerna": "^4.0.0"
			}
		}
	}
}
